
Microsoft Visual Studio Solution File, Format Version 12.00
# Visual Studio Version 16
VisualStudioVersion = 16.0.31228.500
MinimumVisualStudioVersion = 10.0.40219.1
Project("{FAE04EC0-301F-11D3-BF4B-00C04F79EFBC}") = "WebApplication4", "WebApplication4\WebApplication4.csproj", "{0E18C3CA-63DB-422A-8AD5-6CF16FD14D06}"
EndProject
Global
	GlobalSection(SolutionConfigurationPlatforms) = preSolution
		Debug|Any CPU = Debug|Any CPU
		Release|Any CPU = Release|Any CPU
	EndGlobalSection
	GlobalSection(ProjectConfigurationPlatforms) = postSolution
		{0E18C3CA-63DB-422A-8AD5-6CF16FD14D06}.Debug|Any CPU.ActiveCfg = Debug|Any CPU
		{0E18C3CA-63DB-422A-8AD5-6CF16FD14D06}.Debug|Any CPU.Build.0 = Debug|Any CPU
		{0E18C3CA-63DB-422A-8AD5-6CF16FD14D06}.Release|Any CPU.ActiveCfg = Release|Any CPU
		{0E18C3CA-63DB-422A-8AD5-6CF16FD14D06}.Release|Any CPU.Build.0 = Release|Any CPU
	EndGlobalSection
	GlobalSection(SolutionProperties) = preSolution
		HideSolutionNode = FALSE
	EndGlobalSection
	GlobalSection(ExtensibilityGlobals) = postSolution
		SolutionGuid = {5DE52F76-4160-42E2-AA4C-C0435A6224B2}
	EndGlobalSection
EndGlobal
